
Microsoft Visual Studio Solution File, Format Version 12.00
# Visual Studio Version 17
VisualStudioVersion = 17.0.32014.148
MinimumVisualStudioVersion = 10.0.40219.1
Project("{FAE04EC0-301F-11D3-BF4B-00C04F79EFBC}") = "PROJETO CADASTRO DE ALUNO", "PROJETO CADASTRO DE ALUNO\PROJETO CADASTRO DE ALUNO.csproj", "{ED1DC095-6BCC-4023-A79C-12C5CD547AC6}"
EndProject
Global
	GlobalSection(SolutionConfigurationPlatforms) = preSolution
		Debug|Any CPU = Debug|Any CPU
		Release|Any CPU = Release|Any CPU
	EndGlobalSection
	GlobalSection(ProjectConfigurationPlatforms) = postSolution
		{ED1DC095-6BCC-4023-A79C-12C5CD547AC6}.Debug|Any CPU.ActiveCfg = Debug|Any CPU
		{ED1DC095-6BCC-4023-A79C-12C5CD547AC6}.Debug|Any CPU.Build.0 = Debug|Any CPU
		{ED1DC095-6BCC-4023-A79C-12C5CD547AC6}.Release|Any CPU.ActiveCfg = Release|Any CPU
		{ED1DC095-6BCC-4023-A79C-12C5CD547AC6}.Release|Any CPU.Build.0 = Release|Any CPU
	EndGlobalSection
	GlobalSection(SolutionProperties) = preSolution
		HideSolutionNode = FALSE
	EndGlobalSection
	GlobalSection(ExtensibilityGlobals) = postSolution
		SolutionGuid = {9057F3F5-578E-4B77-B0BD-E1E6844D3BDF}
	EndGlobalSection
EndGlobal
